// !$*UTF8*$!
{
	archiveVersion = 1;
	classes = {
	};
	objectVersion = 46;
	objects = {

/* Begin PBXBuildFile section */
		1CB077D01A7C221B00488D72 /* AppDelegate.swift in Sources */ = {isa = PBXBuildFile; fileRef = 1CB077CF1A7C221B00488D72 /* AppDelegate.swift */; };
		1CB077D21A7C221B00488D72 /* Images.xcassets in Resources */ = {isa = PBXBuildFile; fileRef = 1CB077D11A7C221B00488D72 /* Images.xcassets */; };
		1CB077D51A7C221B00488D72 /* MainMenu.xib in Resources */ = {isa = PBXBuildFile; fileRef = 1CB077D31A7C221B00488D72 /* MainMenu.xib */; };
		1CB077E11A7C221B00488D72 /* HomesteadAppTests.swift in Sources */ = {isa = PBXBuildFile; fileRef = 1CB077E01A7C221B00488D72 /* HomesteadAppTests.swift */; };
/* End PBXBuildFile section */

/* Begin PBXContainerItemProxy section */
		1CB077DB1A7C221B00488D72 /* PBXContainerItemProxy */ = {
			isa = PBXContainerItemProxy;
			containerPortal = 1CB077C21A7C221B00488D72 /* Project object */;
			proxyType = 1;
			remoteGlobalIDString = 1CB077C91A7C221B00488D72;
			remoteInfo = HomesteadApp;
		};
/* End PBXContainerItemProxy section */

/* Begin PBXFileReference section */
		1CB077CA1A7C221B00488D72 /* HomesteadApp.app */ = {isa = PBXFileReference; explicitFileType = wrapper.application; includeInIndex = 0; path = HomesteadApp.app; sourceTree = BUILT_PRODUCTS_DIR; };
		1CB077CE1A7C221B00488D72 /* Info.plist */ = {isa = PBXFileReference; lastKnownFileType = text.plist.xml; path = Info.plist; sourceTree = "<group>"; };
		1CB077CF1A7C221B00488D72 /* AppDelegate.swift */ = {isa = PBXFileReference; lastKnownFileType = sourcecode.swift; path = AppDelegate.swift; sourceTree = "<group>"; };
		1CB077D11A7C221B00488D72 /* Images.xcassets */ = {isa = PBXFileReference; lastKnownFileType = folder.assetcatalog; path = Images.xcassets; sourceTree = "<group>"; };
		1CB077D41A7C221B00488D72 /* Base */ = {isa = PBXFileReference; lastKnownFileType = file.xib; name = Base; path = Base.lproj/MainMenu.xib; sourceTree = "<group>"; };
		1CB077DA1A7C221B00488D72 /* HomesteadAppTests.xctest */ = {isa = PBXFileReference; explicitFileType = wrapper.cfbundle; includeInIndex = 0; path = HomesteadAppTests.xctest; sourceTree = BUILT_PRODUCTS_DIR; };
		1CB077DF1A7C221B00488D72 /* Info.plist */ = {isa = PBXFileReference; lastKnownFileType = text.plist.xml; path = Info.plist; sourceTree = "<group>"; };
		1CB077E01A7C221B00488D72 /* HomesteadAppTests.swift */ = {isa = PBXFileReference; lastKnownFileType = sourcecode.swift; path = HomesteadAppTests.swift; sourceTree = "<group>"; };
/* End PBXFileReference section */

/* Begin PBXFrameworksBuildPhase section */
		1CB077C71A7C221B00488D72 /* Frameworks */ = {
			isa = PBXFrameworksBuildPhase;
			buildActionMask = 2147483647;
			files = (
			);
			runOnlyForDeploymentPostprocessing = 0;
		};
		1CB077D71A7C221B00488D72 /* Frameworks */ = {
			isa = PBXFrameworksBuildPhase;
			buildActionMask = 2147483647;
			files = (
			);
			runOnlyForDeploymentPostprocessing = 0;
		};
/* End PBXFrameworksBuildPhase section */

/* Begin PBXGroup section */
		1CB077C11A7C221B00488D72 = {
			isa = PBXGroup;
			children = (
				1CB077CC1A7C221B00488D72 /* HomesteadApp */,
				1CB077DD1A7C221B00488D72 /* HomesteadAppTests */,
				1CB077CB1A7C221B00488D72 /* Products */,
			);
			sourceTree = "<group>";
		};
		1CB077CB1A7C221B00488D72 /* Products */ = {
			isa = PBXGroup;
			children = (
				1CB077CA1A7C221B00488D72 /* HomesteadApp.app */,
				1CB077DA1A7C221B00488D72 /* HomesteadAppTests.xctest */,
			);
			name = Products;
			sourceTree = "<group>";
		};
		1CB077CC1A7C221B00488D72 /* HomesteadApp */ = {
			isa = PBXGroup;
			children = (
				1CB077CF1A7C221B00488D72 /* AppDelegate.swift */,
				1CB077D11A7C221B00488D72 /* Images.xcassets */,
				1CB077D31A7C221B00488D72 /* MainMenu.xib */,
				1CB077CD1A7C221B00488D72 /* Supporting Files */,
			);
			path = HomesteadApp;
			sourceTree = "<group>";
		};
		1CB077CD1A7C221B00488D72 /* Supporting Files */ = {
			isa = PBXGroup;
			children = (
				1CB077CE1A7C221B00488D72 /* Info.plist */,
			);
			name = "Supporting Files";
			sourceTree = "<group>";
		};
		1CB077DD1A7C221B00488D72 /* HomesteadAppTests */ = {
			isa = PBXGroup;
			children = (
				1CB077E01A7C221B00488D72 /* HomesteadAppTests.swift */,
				1CB077DE1A7C221B00488D72 /* Supporting Files */,
			);
			path = HomesteadAppTests;
			sourceTree = "<group>";
		};
		1CB077DE1A7C221B00488D72 /* Supporting Files */ = {
			isa = PBXGroup;
			children = (
				1CB077DF1A7C221B00488D72 /* Info.plist */,
			);
			name = "Supporting Files";
			sourceTree = "<group>";
		};
/* End PBXGroup section */

/* Begin PBXNativeTarget section */
		1CB077C91A7C221B00488D72 /* HomesteadApp */ = {
			isa = PBXNativeTarget;
			buildConfigurationList = 1CB077E41A7C221B00488D72 /* Build configuration list for PBXNativeTarget "HomesteadApp" */;
			buildPhases = (
				1CB077C61A7C221B00488D72 /* Sources */,
				1CB077C71A7C221B00488D72 /* Frameworks */,
				1CB077C81A7C221B00488D72 /* Resources */,
			);
			buildRules = (
			);
			dependencies = (
			);
			name = HomesteadApp;
			productName = HomesteadApp;
			productReference = 1CB077CA1A7C221B00488D72 /* HomesteadApp.app */;
			productType = "com.apple.product-type.application";
		};
		1CB077D91A7C221B00488D72 /* HomesteadAppTests */ = {
			isa = PBXNativeTarget;
			buildConfigurationList = 1CB077E71A7C221B00488D72 /* Build configuration list for PBXNativeTarget "HomesteadAppTests" */;
			buildPhases = (
				1CB077D61A7C221B00488D72 /* Sources */,
				1CB077D71A7C221B00488D72 /* Frameworks */,
				1CB077D81A7C221B00488D72 /* Resources */,
			);
			buildRules = (
			);
			dependencies = (
				1CB077DC1A7C221B00488D72 /* PBXTargetDependency */,
			);
			name = HomesteadAppTests;
			productName = HomesteadAppTests;
			productReference = 1CB077DA1A7C221B00488D72 /* HomesteadAppTests.xctest */;
			productType = "com.apple.product-type.bundle.unit-test";
		};
/* End PBXNativeTarget section */

/* Begin PBXProject section */
		1CB077C21A7C221B00488D72 /* Project object */ = {
			isa = PBXProject;
			attributes = {
				LastSwiftMigration = 0700;
				LastSwiftUpdateCheck = 0700;
				LastUpgradeCheck = 0700;
				ORGANIZATIONNAME = Grohman;
				TargetAttributes = {
					1CB077C91A7C221B00488D72 = {
						CreatedOnToolsVersion = 6.1.1;
					};
					1CB077D91A7C221B00488D72 = {
						CreatedOnToolsVersion = 6.1.1;
						TestTargetID = 1CB077C91A7C221B00488D72;
					};
				};
			};
			buildConfigurationList = 1CB077C51A7C221B00488D72 /* Build configuration list for PBXProject "HomesteadApp" */;
			compatibilityVersion = "Xcode 3.2";
			developmentRegion = English;
			hasScannedForEncodings = 0;
			knownRegions = (
				en,
				Base,
			);
			mainGroup = 1CB077C11A7C221B00488D72;
			productRefGroup = 1CB077CB1A7C221B00488D72 /* Products */;
			projectDirPath = "";
			projectRoot = "";
			targets = (
				1CB077C91A7C221B00488D72 /* HomesteadApp */,
				1CB077D91A7C221B00488D72 /* HomesteadAppTests */,
			);
		};
/* End PBXProject section */

/* Begin PBXResourcesBuildPhase section */
		1CB077C81A7C221B00488D72 /* Resources */ = {
			isa = PBXResourcesBuildPhase;
			buildActionMask = 2147483647;
			files = (
				1CB077D21A7C221B00488D72 /* Images.xcassets in Resources */,
				1CB077D51A7C221B00488D72 /* MainMenu.xib in Resources */,
			);
			runOnlyForDeploymentPostprocessing = 0;
		};
		1CB077D81A7C221B00488D72 /* Resources */ = {
			isa = PBXResourcesBuildPhase;
			buildActionMask = 2147483647;
			files = (
			);
			runOnlyForDeploymentPostprocessing = 0;
		};
/* End PBXResourcesBuildPhase section */

/* Begin PBXSourcesBuildPhase section */
		1CB077C61A7C221B00488D72 /* Sources */ = {
			isa = PBXSourcesBuildPhase;
			buildActionMask = 2147483647;
			files = (
				1CB077D01A7C221B00488D72 /* AppDelegate.swift in Sources */,
			);
			runOnlyForDeploymentPostprocessing = 0;
		};
		1CB077D61A7C221B00488D72 /* Sources */ = {
			isa = PBXSourcesBuildPhase;
			buildActionMask = 2147483647;
			files = (
				1CB077E11A7C221B00488D72 /* HomesteadAppTests.swift in Sources */,
			);
			runOnlyForDeploymentPostprocessing = 0;
		};
/* End PBXSourcesBuildPhase section */

/* Begin PBXTargetDependency section */
		1CB077DC1A7C221B00488D72 /* PBXTargetDependency */ = {
			isa = PBXTargetDependency;
			target = 1CB077C91A7C221B00488D72 /* HomesteadApp */;
			targetProxy = 1CB077DB1A7C221B00488D72 /* PBXContainerItemProxy */;
		};
/* End PBXTargetDependency section */

/* Begin PBXVariantGroup section */
		1CB077D31A7C221B00488D72 /* MainMenu.xib */ = {
			isa = PBXVariantGroup;
			children = (
				1CB077D41A7C221B00488D72 /* Base */,
			);
			name = MainMenu.xib;
			sourceTree = "<group>";
		};
/* End PBXVariantGroup section */

/* Begin XCBuildConfiguration section */
		1CB077E21A7C221B00488D72 /* Debug */ = {
			isa = XCBuildConfiguration;
			buildSettings = {
				ALWAYS_SEARCH_USER_PATHS = NO;
				CLANG_CXX_LANGUAGE_STANDARD = "gnu++0x";
				CLANG_CXX_LIBRARY = "libc++";
				CLANG_ENABLE_MODULES = YES;
				CLANG_ENABLE_OBJC_ARC = YES;
				CLANG_WARN_BOOL_CONVERSION = YES;
				CLANG_WARN_CONSTANT_CONVERSION = YES;
				CLANG_WARN_DIRECT_OBJC_ISA_USAGE = YES_ERROR;
				CLANG_WARN_EMPTY_BODY = YES;
				CLANG_WARN_ENUM_CONVERSION = YES;
				CLANG_WARN_INT_CONVERSION = YES;
				CLANG_WARN_OBJC_ROOT_CLASS = YES_ERROR;
				CLANG_WARN_UNREACHABLE_CODE = YES;
				CLANG_WARN__DUPLICATE_METHOD_MATCH = YES;
				CODE_SIGN_IDENTITY = "-";
				COPY_PHASE_STRIP = NO;
				ENABLE_STRICT_OBJC_MSGSEND = YES;
				ENABLE_TESTABILITY = YES;
				GCC_C_LANGUAGE_STANDARD = gnu99;
				GCC_DYNAMIC_NO_PIC = NO;
				GCC_OPTIMIZATION_LEVEL = 0;
				GCC_PREPROCESSOR_DEFINITIONS = (
					"DEBUG=1",
					"$(inherited)",
				);
				GCC_SYMBOLS_PRIVATE_EXTERN = NO;
				GCC_WARN_64_TO_32_BIT_CONVERSION = YES;
				GCC_WARN_ABOUT_RETURN_TYPE = YES_ERROR;
				GCC_WARN_UNDECLARED_SELECTOR = YES;
				GCC_WARN_UNINITIALIZED_AUTOS = YES_AGGRESSIVE;
				GCC_WARN_UNUSED_FUNCTION = YES;
				GCC_WARN_UNUSED_VARIABLE = YES;
				MACOSX_DEPLOYMENT_TARGET = 10.10;
				MTL_ENABLE_DEBUG_INFO = YES;
				ONLY_ACTIVE_ARCH = YES;
				SDKROOT = macosx;
				SWIFT_OPTIMIZATION_LEVEL = "-Onone";
			};
			name = Debug;
		};
		1CB077E31A7C221B00488D72 /* Release */ = {
			isa = XCBuildConfiguration;
			buildSettings = {
				ALWAYS_SEARCH_USER_PATHS = NO;
				CLANG_CXX_LANGUAGE_STANDARD = "gnu++0x";
				CLANG_CXX_LIBRARY = "libc++";
				CLANG_ENABLE_MODULES = YES;
				CLANG_ENABLE_OBJC_ARC = YES;
				CLANG_WARN_BOOL_CONVERSION = YES;
				CLANG_WARN_CONSTANT_CONVERSION = YES;
				CLANG_WARN_DIRECT_OBJC_ISA_USAGE = YES_ERROR;
				CLANG_WARN_EMPTY_BODY = YES;
				CLANG_WARN_ENUM_CONVERSION = YES;
				CLANG_WARN_INT_CONVERSION = YES;
				CLANG_WARN_OBJC_ROOT_CLASS = YES_ERROR;
				CLANG_WARN_UNREACHABLE_CODE = YES;
				CLANG_WARN__DUPLICATE_METHOD_MATCH = YES;
				CODE_SIGN_IDENTITY = "-";
				COPY_PHASE_STRIP = YES;
				DEBUG_INFORMATION_FORMAT = "dwarf-with-dsym";
				ENABLE_NS_ASSERTIONS = NO;
				ENABLE_STRICT_OBJC_MSGSEND = YES;
				GCC_C_LANGUAGE_STANDARD = gnu99;
				GCC_WARN_64_TO_32_BIT_CONVERSION = YES;
				GCC_WARN_ABOUT_RETURN_TYPE = YES_ERROR;
				GCC_WARN_UNDECLARED_SELECTOR = YES;
				GCC_WARN_UNINITIALIZED_AUTOS = YES_AGGRESSIVE;
				GCC_WARN_UNUSED_FUNCTION = YES;
				GCC_WARN_UNUSED_VARIABLE = YES;
				MACOSX_DEPLOYMENT_TARGET = 10.10;
				MTL_ENABLE_DEBUG_INFO = NO;
				SDKROOT = macosx;
			};
			name = Release;
		};
		1CB077E51A7C221B00488D72 /* Debug */ = {
			isa = XCBuildConfiguration;
			buildSettings = {
				ASSETCATALOG_COMPILER_APPICON_NAME = AppIcon;
				COMBINE_HIDPI_IMAGES = YES;
				INFOPLIST_FILE = HomesteadApp/Info.plist;
				LD_RUNPATH_SEARCH_PATHS = "$(inherited) @executable_path/../Frameworks";
				PRODUCT_BUNDLE_IDENTIFIER = "ru.grohman.$(PRODUCT_NAME:rfc1034identifier)";
				PRODUCT_NAME = "$(TARGET_NAME)";
			};
			name = Debug;
		};
		1CB077E61A7C221B00488D72 /* Release */ = {
			isa = XCBuildConfiguration;
			buildSettings = {
				ASSETCATALOG_COMPILER_APPICON_NAME = AppIcon;
				COMBINE_HIDPI_IMAGES = YES;
				INFOPLIST_FILE = HomesteadApp/Info.plist;
				LD_RUNPATH_SEARCH_PATHS = "$(inherited) @executable_path/../Frameworks";
				PRODUCT_BUNDLE_IDENTIFIER = "ru.grohman.$(PRODUCT_NAME:rfc1034identifier)";
				PRODUCT_NAME = "$(TARGET_NAME)";
			};
			name = Release;
		};
		1CB077E81A7C221B00488D72 /* Debug */ = {
			isa = XCBuildConfiguration;
			buildSettings = {
				BUNDLE_LOADER = "$(TEST_HOST)";
				COMBINE_HIDPI_IMAGES = YES;
				FRAMEWORK_SEARCH_PATHS = (
					"$(DEVELOPER_FRAMEWORKS_DIR)",
					"$(inherited)",
				);
				GCC_PREPROCESSOR_DEFINITIONS = (
					"DEBUG=1",
					"$(inherited)",
				);
				INFOPLIST_FILE = HomesteadAppTests/Info.plist;
				LD_RUNPATH_SEARCH_PATHS = "$(inherited) @executable_path/../Frameworks @loader_path/../Frameworks";
				PRODUCT_BUNDLE_IDENTIFIER = "ru.grohman.$(PRODUCT_NAME:rfc1034identifier)";
				PRODUCT_NAME = "$(TARGET_NAME)";
				TEST_HOST = "$(BUILT_PRODUCTS_DIR)/HomesteadApp.app/Contents/MacOS/HomesteadApp";
			};
			name = Debug;
		};
		1CB077E91A7C221B00488D72 /* Release */ = {
			isa = XCBuildConfiguration;
			buildSettings = {
				BUNDLE_LOADER = "$(TEST_HOST)";
				COMBINE_HIDPI_IMAGES = YES;
				FRAMEWORK_SEARCH_PATHS = (
					"$(DEVELOPER_FRAMEWORKS_DIR)",
					"$(inherited)",
				);
				INFOPLIST_FILE = HomesteadAppTests/Info.plist;
				LD_RUNPATH_SEARCH_PATHS = "$(inherited) @executable_path/../Frameworks @loader_path/../Frameworks";
				PRODUCT_BUNDLE_IDENTIFIER = "ru.grohman.$(PRODUCT_NAME:rfc1034identifier)";
				PRODUCT_NAME = "$(TARGET_NAME)";
				TEST_HOST = "$(BUILT_PRODUCTS_DIR)/HomesteadApp.app/Contents/MacOS/HomesteadApp";
			};
			name = Release;
		};
/* End XCBuildConfiguration section */

/* Begin XCConfigurationList section */
		1CB077C51A7C221B00488D72 /* Build configuration list for PBXProject "HomesteadApp" */ = {
			isa = XCConfigurationList;
			buildConfigurations = (
				1CB077E21A7C221B00488D72 /* Debug */,
				1CB077E31A7C221B00488D72 /* Release */,
			);
			defaultConfigurationIsVisible = 0;
			defaultConfigurationName = Release;
		};
		1CB077E41A7C221B00488D72 /* Build configuration list for PBXNativeTarget "HomesteadApp" */ = {
			isa = XCConfigurationList;
			buildConfigurations = (
				1CB077E51A7C221B00488D72 /* Debug */,
				1CB077E61A7C221B00488D72 /* Release */,
			);
			defaultConfigurationIsVisible = 0;
			defaultConfigurationName = Release;
		};
		1CB077E71A7C221B00488D72 /* Build configuration list for PBXNativeTarget "HomesteadAppTests" */ = {
			isa = XCConfigurationList;
			buildConfigurations = (
				1CB077E81A7C221B00488D72 /* Debug */,
				1CB077E91A7C221B00488D72 /* Release */,
			);
			defaultConfigurationIsVisible = 0;
			defaultConfigurationName = Release;
		};
/* End XCConfigurationList section */
	};
	rootObject = 1CB077C21A7C221B00488D72 /* Project object */;
}
